
Microsoft Visual Studio Solution File, Format Version 12.00
# Visual Studio Version 17
VisualStudioVersion = 17.3.32819.101
MinimumVisualStudioVersion = 10.0.40219.1
Project("{FAE04EC0-301F-11D3-BF4B-00C04F79EFBC}") = "CSharp.Capitulo01.Sintaxe", "CSharp.Capitulo01.Sintaxe\CSharp.Capitulo01.Sintaxe.csproj", "{9FF32E13-E9D9-4AEC-9599-2630AA04EFDC}"
EndProject
Global
	GlobalSection(SolutionConfigurationPlatforms) = preSolution
		Debug|Any CPU = Debug|Any CPU
		Release|Any CPU = Release|Any CPU
	EndGlobalSection
	GlobalSection(ProjectConfigurationPlatforms) = postSolution
		{9FF32E13-E9D9-4AEC-9599-2630AA04EFDC}.Debug|Any CPU.ActiveCfg = Debug|Any CPU
		{9FF32E13-E9D9-4AEC-9599-2630AA04EFDC}.Debug|Any CPU.Build.0 = Debug|Any CPU
		{9FF32E13-E9D9-4AEC-9599-2630AA04EFDC}.Release|Any CPU.ActiveCfg = Release|Any CPU
		{9FF32E13-E9D9-4AEC-9599-2630AA04EFDC}.Release|Any CPU.Build.0 = Release|Any CPU
	EndGlobalSection
	GlobalSection(SolutionProperties) = preSolution
		HideSolutionNode = FALSE
	EndGlobalSection
	GlobalSection(ExtensibilityGlobals) = postSolution
		SolutionGuid = {F2EEE4E7-B93E-43B0-A5EF-E8F10981B981}
	EndGlobalSection
EndGlobal
